
Microsoft Visual Studio Solution File, Format Version 12.00
# Visual Studio 15
VisualStudioVersion = 15.0.27703.2042
MinimumVisualStudioVersion = 10.0.40219.1
Project("{8BC9CEB8-8B4A-11D0-8D11-00A0C91BC942}") = "recursion", "Algorithm\Algorithm.vcxproj", "{37130DAD-74B9-4260-8CAD-025C4BA3CFCA}"
EndProject
Project("{8BC9CEB8-8B4A-11D0-8D11-00A0C91BC942}") = "factorial", "factorial\factorial.vcxproj", "{15E1FEA8-6DCD-48FD-811A-6406F18F9843}"
EndProject
Project("{8BC9CEB8-8B4A-11D0-8D11-00A0C91BC942}") = "fibonacci", "fobinacci\fobinacci.vcxproj", "{B7D75708-B3AD-438F-8563-CE2991825E70}"
EndProject
Project("{8BC9CEB8-8B4A-11D0-8D11-00A0C91BC942}") = "sequential_search", "sequential_search\sequential_search.vcxproj", "{23D9D1D1-4D02-4825-A1D8-53FBBFCCE41B}"
EndProject
Project("{8BC9CEB8-8B4A-11D0-8D11-00A0C91BC942}") = "binary_search", "binary_search\binary_search.vcxproj", "{D5595AF4-50E7-4E00-A0B4-98369E13B7DF}"
EndProject
Project("{8BC9CEB8-8B4A-11D0-8D11-00A0C91BC942}") = "maze", "maze\maze.vcxproj", "{CA593891-D620-42FF-8240-9671E942C5BD}"
EndProject
Project("{8BC9CEB8-8B4A-11D0-8D11-00A0C91BC942}") = "counting_cells_in_a_blob", "counting_cells_in_a_blob\counting_cells_in_a_blob.vcxproj", "{E49C29AD-236B-4492-B644-A00ED4AADE49}"
EndProject
Project("{8BC9CEB8-8B4A-11D0-8D11-00A0C91BC942}") = "N-queens(recursion)", "N-queens\N-queens.vcxproj", "{A978982A-1142-4915-87FD-E9D93BFFEE4C}"
EndProject
Project("{8BC9CEB8-8B4A-11D0-8D11-00A0C91BC942}") = "N-queens(stack)", "N-queens(stack)\N-queens(stack).vcxproj", "{3D0D9317-DFCB-4D06-9809-518820017F77}"
EndProject
Project("{8BC9CEB8-8B4A-11D0-8D11-00A0C91BC942}") = "powerset", "powerset\powerset.vcxproj", "{E541BCB7-4CCF-4407-8183-16C13614FBDF}"
EndProject
Project("{8BC9CEB8-8B4A-11D0-8D11-00A0C91BC942}") = "merge_sort", "merge_sort\merge_sort.vcxproj", "{A9AC0124-A851-4736-93A2-9FB05060A123}"
EndProject
Project("{8BC9CEB8-8B4A-11D0-8D11-00A0C91BC942}") = "quick_sort", "quick_sort\quick_sort.vcxproj", "{D513D0CD-767D-4405-A7C1-A1FB465E20F1}"
EndProject
Project("{8BC9CEB8-8B4A-11D0-8D11-00A0C91BC942}") = "heap_sort", "heap_sort\heap_sort.vcxproj", "{D5DF0A2A-E606-46F8-A3DC-C4584D630EE9}"
EndProject
Project("{8BC9CEB8-8B4A-11D0-8D11-00A0C91BC942}") = "9012괄호", "9012괄호\9012괄호.vcxproj", "{03E56576-436F-483D-82E6-CCE2923A2065}"
EndProject
Project("{8BC9CEB8-8B4A-11D0-8D11-00A0C91BC942}") = "1996프린터 큐", "1996프린터 큐\1996프린터 큐.vcxproj", "{02537008-6402-4D1C-8E4C-ABF37D7BB229}"
EndProject
Project("{8BC9CEB8-8B4A-11D0-8D11-00A0C91BC942}") = "dynamic-programming", "dynamic-programming\dynamic-programming.vcxproj", "{23BB407C-FC95-48E3-BBC5-D757FE5A916E}"
EndProject
Project("{8BC9CEB8-8B4A-11D0-8D11-00A0C91BC942}") = "memoization", "memoization\memoization.vcxproj", "{DFB77504-1695-431F-B134-0944F246C660}"
EndProject
Global
	GlobalSection(SolutionConfigurationPlatforms) = preSolution
		Debug|x64 = Debug|x64
		Debug|x86 = Debug|x86
		Release|x64 = Release|x64
		Release|x86 = Release|x86
	EndGlobalSection
	GlobalSection(ProjectConfigurationPlatforms) = postSolution
		{37130DAD-74B9-4260-8CAD-025C4BA3CFCA}.Debug|x64.ActiveCfg = Debug|x64
		{37130DAD-74B9-4260-8CAD-025C4BA3CFCA}.Debug|x64.Build.0 = Debug|x64
		{37130DAD-74B9-4260-8CAD-025C4BA3CFCA}.Debug|x86.ActiveCfg = Debug|Win32
		{37130DAD-74B9-4260-8CAD-025C4BA3CFCA}.Debug|x86.Build.0 = Debug|Win32
		{37130DAD-74B9-4260-8CAD-025C4BA3CFCA}.Release|x64.ActiveCfg = Release|x64
		{37130DAD-74B9-4260-8CAD-025C4BA3CFCA}.Release|x64.Build.0 = Release|x64
		{37130DAD-74B9-4260-8CAD-025C4BA3CFCA}.Release|x86.ActiveCfg = Release|Win32
		{37130DAD-74B9-4260-8CAD-025C4BA3CFCA}.Release|x86.Build.0 = Release|Win32
		{15E1FEA8-6DCD-48FD-811A-6406F18F9843}.Debug|x64.ActiveCfg = Debug|x64
		{15E1FEA8-6DCD-48FD-811A-6406F18F9843}.Debug|x64.Build.0 = Debug|x64
		{15E1FEA8-6DCD-48FD-811A-6406F18F9843}.Debug|x86.ActiveCfg = Debug|Win32
		{15E1FEA8-6DCD-48FD-811A-6406F18F9843}.Debug|x86.Build.0 = Debug|Win32
		{15E1FEA8-6DCD-48FD-811A-6406F18F9843}.Release|x64.ActiveCfg = Release|x64
		{15E1FEA8-6DCD-48FD-811A-6406F18F9843}.Release|x64.Build.0 = Release|x64
		{15E1FEA8-6DCD-48FD-811A-6406F18F9843}.Release|x86.ActiveCfg = Release|Win32
		{15E1FEA8-6DCD-48FD-811A-6406F18F9843}.Release|x86.Build.0 = Release|Win32
		{B7D75708-B3AD-438F-8563-CE2991825E70}.Debug|x64.ActiveCfg = Debug|x64
		{B7D75708-B3AD-438F-8563-CE2991825E70}.Debug|x64.Build.0 = Debug|x64
		{B7D75708-B3AD-438F-8563-CE2991825E70}.Debug|x86.ActiveCfg = Debug|Win32
		{B7D75708-B3AD-438F-8563-CE2991825E70}.Debug|x86.Build.0 = Debug|Win32
		{B7D75708-B3AD-438F-8563-CE2991825E70}.Release|x64.ActiveCfg = Release|x64
		{B7D75708-B3AD-438F-8563-CE2991825E70}.Release|x64.Build.0 = Release|x64
		{B7D75708-B3AD-438F-8563-CE2991825E70}.Release|x86.ActiveCfg = Release|Win32
		{B7D75708-B3AD-438F-8563-CE2991825E70}.Release|x86.Build.0 = Release|Win32
		{23D9D1D1-4D02-4825-A1D8-53FBBFCCE41B}.Debug|x64.ActiveCfg = Debug|x64
		{23D9D1D1-4D02-4825-A1D8-53FBBFCCE41B}.Debug|x64.Build.0 = Debug|x64
		{23D9D1D1-4D02-4825-A1D8-53FBBFCCE41B}.Debug|x86.ActiveCfg = Debug|Win32
		{23D9D1D1-4D02-4825-A1D8-53FBBFCCE41B}.Debug|x86.Build.0 = Debug|Win32
		{23D9D1D1-4D02-4825-A1D8-53FBBFCCE41B}.Release|x64.ActiveCfg = Release|x64
		{23D9D1D1-4D02-4825-A1D8-53FBBFCCE41B}.Release|x64.Build.0 = Release|x64
		{23D9D1D1-4D02-4825-A1D8-53FBBFCCE41B}.Release|x86.ActiveCfg = Release|Win32
		{23D9D1D1-4D02-4825-A1D8-53FBBFCCE41B}.Release|x86.Build.0 = Release|Win32
		{D5595AF4-50E7-4E00-A0B4-98369E13B7DF}.Debug|x64.ActiveCfg = Debug|x64
		{D5595AF4-50E7-4E00-A0B4-98369E13B7DF}.Debug|x64.Build.0 = Debug|x64
		{D5595AF4-50E7-4E00-A0B4-98369E13B7DF}.Debug|x86.ActiveCfg = Debug|Win32
		{D5595AF4-50E7-4E00-A0B4-98369E13B7DF}.Debug|x86.Build.0 = Debug|Win32
		{D5595AF4-50E7-4E00-A0B4-98369E13B7DF}.Release|x64.ActiveCfg = Release|x64
		{D5595AF4-50E7-4E00-A0B4-98369E13B7DF}.Release|x64.Build.0 = Release|x64
		{D5595AF4-50E7-4E00-A0B4-98369E13B7DF}.Release|x86.ActiveCfg = Release|Win32
		{D5595AF4-50E7-4E00-A0B4-98369E13B7DF}.Release|x86.Build.0 = Release|Win32
		{CA593891-D620-42FF-8240-9671E942C5BD}.Debug|x64.ActiveCfg = Debug|x64
		{CA593891-D620-42FF-8240-9671E942C5BD}.Debug|x64.Build.0 = Debug|x64
		{CA593891-D620-42FF-8240-9671E942C5BD}.Debug|x86.ActiveCfg = Debug|Win32
		{CA593891-D620-42FF-8240-9671E942C5BD}.Debug|x86.Build.0 = Debug|Win32
		{CA593891-D620-42FF-8240-9671E942C5BD}.Release|x64.ActiveCfg = Release|x64
		{CA593891-D620-42FF-8240-9671E942C5BD}.Release|x64.Build.0 = Release|x64
		{CA593891-D620-42FF-8240-9671E942C5BD}.Release|x86.ActiveCfg = Release|Win32
		{CA593891-D620-42FF-8240-9671E942C5BD}.Release|x86.Build.0 = Release|Win32
		{E49C29AD-236B-4492-B644-A00ED4AADE49}.Debug|x64.ActiveCfg = Debug|x64
		{E49C29AD-236B-4492-B644-A00ED4AADE49}.Debug|x64.Build.0 = Debug|x64
		{E49C29AD-236B-4492-B644-A00ED4AADE49}.Debug|x86.ActiveCfg = Debug|Win32
		{E49C29AD-236B-4492-B644-A00ED4AADE49}.Debug|x86.Build.0 = Debug|Win32
		{E49C29AD-236B-4492-B644-A00ED4AADE49}.Release|x64.ActiveCfg = Release|x64
		{E49C29AD-236B-4492-B644-A00ED4AADE49}.Release|x64.Build.0 = Release|x64
		{E49C29AD-236B-4492-B644-A00ED4AADE49}.Release|x86.ActiveCfg = Release|Win32
		{E49C29AD-236B-4492-B644-A00ED4AADE49}.Release|x86.Build.0 = Release|Win32
		{A978982A-1142-4915-87FD-E9D93BFFEE4C}.Debug|x64.ActiveCfg = Debug|x64
		{A978982A-1142-4915-87FD-E9D93BFFEE4C}.Debug|x64.Build.0 = Debug|x64
		{A978982A-1142-4915-87FD-E9D93BFFEE4C}.Debug|x86.ActiveCfg = Debug|Win32
		{A978982A-1142-4915-87FD-E9D93BFFEE4C}.Debug|x86.Build.0 = Debug|Win32
		{A978982A-1142-4915-87FD-E9D93BFFEE4C}.Release|x64.ActiveCfg = Release|x64
		{A978982A-1142-4915-87FD-E9D93BFFEE4C}.Release|x64.Build.0 = Release|x64
		{A978982A-1142-4915-87FD-E9D93BFFEE4C}.Release|x86.ActiveCfg = Release|Win32
		{A978982A-1142-4915-87FD-E9D93BFFEE4C}.Release|x86.Build.0 = Release|Win32
		{3D0D9317-DFCB-4D06-9809-518820017F77}.Debug|x64.ActiveCfg = Debug|x64
		{3D0D9317-DFCB-4D06-9809-518820017F77}.Debug|x64.Build.0 = Debug|x64
		{3D0D9317-DFCB-4D06-9809-518820017F77}.Debug|x86.ActiveCfg = Debug|Win32
		{3D0D9317-DFCB-4D06-9809-518820017F77}.Debug|x86.Build.0 = Debug|Win32
		{3D0D9317-DFCB-4D06-9809-518820017F77}.Release|x64.ActiveCfg = Release|x64
		{3D0D9317-DFCB-4D06-9809-518820017F77}.Release|x64.Build.0 = Release|x64
		{3D0D9317-DFCB-4D06-9809-518820017F77}.Release|x86.ActiveCfg = Release|Win32
		{3D0D9317-DFCB-4D06-9809-518820017F77}.Release|x86.Build.0 = Release|Win32
		{E541BCB7-4CCF-4407-8183-16C13614FBDF}.Debug|x64.ActiveCfg = Debug|x64
		{E541BCB7-4CCF-4407-8183-16C13614FBDF}.Debug|x64.Build.0 = Debug|x64
		{E541BCB7-4CCF-4407-8183-16C13614FBDF}.Debug|x86.ActiveCfg = Debug|Win32
		{E541BCB7-4CCF-4407-8183-16C13614FBDF}.Debug|x86.Build.0 = Debug|Win32
		{E541BCB7-4CCF-4407-8183-16C13614FBDF}.Release|x64.ActiveCfg = Release|x64
		{E541BCB7-4CCF-4407-8183-16C13614FBDF}.Release|x64.Build.0 = Release|x64
		{E541BCB7-4CCF-4407-8183-16C13614FBDF}.Release|x86.ActiveCfg = Release|Win32
		{E541BCB7-4CCF-4407-8183-16C13614FBDF}.Release|x86.Build.0 = Release|Win32
		{A9AC0124-A851-4736-93A2-9FB05060A123}.Debug|x64.ActiveCfg = Debug|x64
		{A9AC0124-A851-4736-93A2-9FB05060A123}.Debug|x64.Build.0 = Debug|x64
		{A9AC0124-A851-4736-93A2-9FB05060A123}.Debug|x86.ActiveCfg = Debug|Win32
		{A9AC0124-A851-4736-93A2-9FB05060A123}.Debug|x86.Build.0 = Debug|Win32
		{A9AC0124-A851-4736-93A2-9FB05060A123}.Release|x64.ActiveCfg = Release|x64
		{A9AC0124-A851-4736-93A2-9FB05060A123}.Release|x64.Build.0 = Release|x64
		{A9AC0124-A851-4736-93A2-9FB05060A123}.Release|x86.ActiveCfg = Release|Win32
		{A9AC0124-A851-4736-93A2-9FB05060A123}.Release|x86.Build.0 = Release|Win32
		{D513D0CD-767D-4405-A7C1-A1FB465E20F1}.Debug|x64.ActiveCfg = Debug|x64
		{D513D0CD-767D-4405-A7C1-A1FB465E20F1}.Debug|x64.Build.0 = Debug|x64
		{D513D0CD-767D-4405-A7C1-A1FB465E20F1}.Debug|x86.ActiveCfg = Debug|Win32
		{D513D0CD-767D-4405-A7C1-A1FB465E20F1}.Debug|x86.Build.0 = Debug|Win32
		{D513D0CD-767D-4405-A7C1-A1FB465E20F1}.Release|x64.ActiveCfg = Release|x64
		{D513D0CD-767D-4405-A7C1-A1FB465E20F1}.Release|x64.Build.0 = Release|x64
		{D513D0CD-767D-4405-A7C1-A1FB465E20F1}.Release|x86.ActiveCfg = Release|Win32
		{D513D0CD-767D-4405-A7C1-A1FB465E20F1}.Release|x86.Build.0 = Release|Win32
		{D5DF0A2A-E606-46F8-A3DC-C4584D630EE9}.Debug|x64.ActiveCfg = Debug|x64
		{D5DF0A2A-E606-46F8-A3DC-C4584D630EE9}.Debug|x64.Build.0 = Debug|x64
		{D5DF0A2A-E606-46F8-A3DC-C4584D630EE9}.Debug|x86.ActiveCfg = Debug|Win32
		{D5DF0A2A-E606-46F8-A3DC-C4584D630EE9}.Debug|x86.Build.0 = Debug|Win32
		{D5DF0A2A-E606-46F8-A3DC-C4584D630EE9}.Release|x64.ActiveCfg = Release|x64
		{D5DF0A2A-E606-46F8-A3DC-C4584D630EE9}.Release|x64.Build.0 = Release|x64
		{D5DF0A2A-E606-46F8-A3DC-C4584D630EE9}.Release|x86.ActiveCfg = Release|Win32
		{D5DF0A2A-E606-46F8-A3DC-C4584D630EE9}.Release|x86.Build.0 = Release|Win32
		{03E56576-436F-483D-82E6-CCE2923A2065}.Debug|x64.ActiveCfg = Debug|x64
		{03E56576-436F-483D-82E6-CCE2923A2065}.Debug|x64.Build.0 = Debug|x64
		{03E56576-436F-483D-82E6-CCE2923A2065}.Debug|x86.ActiveCfg = Debug|Win32
		{03E56576-436F-483D-82E6-CCE2923A2065}.Debug|x86.Build.0 = Debug|Win32
		{03E56576-436F-483D-82E6-CCE2923A2065}.Release|x64.ActiveCfg = Release|x64
		{03E56576-436F-483D-82E6-CCE2923A2065}.Release|x64.Build.0 = Release|x64
		{03E56576-436F-483D-82E6-CCE2923A2065}.Release|x86.ActiveCfg = Release|Win32
		{03E56576-436F-483D-82E6-CCE2923A2065}.Release|x86.Build.0 = Release|Win32
		{02537008-6402-4D1C-8E4C-ABF37D7BB229}.Debug|x64.ActiveCfg = Debug|x64
		{02537008-6402-4D1C-8E4C-ABF37D7BB229}.Debug|x64.Build.0 = Debug|x64
		{02537008-6402-4D1C-8E4C-ABF37D7BB229}.Debug|x86.ActiveCfg = Debug|Win32
		{02537008-6402-4D1C-8E4C-ABF37D7BB229}.Debug|x86.Build.0 = Debug|Win32
		{02537008-6402-4D1C-8E4C-ABF37D7BB229}.Release|x64.ActiveCfg = Release|x64
		{02537008-6402-4D1C-8E4C-ABF37D7BB229}.Release|x64.Build.0 = Release|x64
		{02537008-6402-4D1C-8E4C-ABF37D7BB229}.Release|x86.ActiveCfg = Release|Win32
		{02537008-6402-4D1C-8E4C-ABF37D7BB229}.Release|x86.Build.0 = Release|Win32
		{23BB407C-FC95-48E3-BBC5-D757FE5A916E}.Debug|x64.ActiveCfg = Debug|x64
		{23BB407C-FC95-48E3-BBC5-D757FE5A916E}.Debug|x64.Build.0 = Debug|x64
		{23BB407C-FC95-48E3-BBC5-D757FE5A916E}.Debug|x86.ActiveCfg = Debug|Win32
		{23BB407C-FC95-48E3-BBC5-D757FE5A916E}.Debug|x86.Build.0 = Debug|Win32
		{23BB407C-FC95-48E3-BBC5-D757FE5A916E}.Release|x64.ActiveCfg = Release|x64
		{23BB407C-FC95-48E3-BBC5-D757FE5A916E}.Release|x64.Build.0 = Release|x64
		{23BB407C-FC95-48E3-BBC5-D757FE5A916E}.Release|x86.ActiveCfg = Release|Win32
		{23BB407C-FC95-48E3-BBC5-D757FE5A916E}.Release|x86.Build.0 = Release|Win32
		{DFB77504-1695-431F-B134-0944F246C660}.Debug|x64.ActiveCfg = Debug|x64
		{DFB77504-1695-431F-B134-0944F246C660}.Debug|x64.Build.0 = Debug|x64
		{DFB77504-1695-431F-B134-0944F246C660}.Debug|x86.ActiveCfg = Debug|Win32
		{DFB77504-1695-431F-B134-0944F246C660}.Debug|x86.Build.0 = Debug|Win32
		{DFB77504-1695-431F-B134-0944F246C660}.Release|x64.ActiveCfg = Release|x64
		{DFB77504-1695-431F-B134-0944F246C660}.Release|x64.Build.0 = Release|x64
		{DFB77504-1695-431F-B134-0944F246C660}.Release|x86.ActiveCfg = Release|Win32
		{DFB77504-1695-431F-B134-0944F246C660}.Release|x86.Build.0 = Release|Win32
	EndGlobalSection
	GlobalSection(SolutionProperties) = preSolution
		HideSolutionNode = FALSE
	EndGlobalSection
	GlobalSection(ExtensibilityGlobals) = postSolution
		SolutionGuid = {199395D5-5397-4B08-9891-1E7ECA743EF2}
	EndGlobalSection
EndGlobal
